
Microsoft Visual Studio Solution File, Format Version 12.00
# Visual Studio Version 17
VisualStudioVersion = 17.7.33913.275
MinimumVisualStudioVersion = 10.0.40219.1
Project("{FAE04EC0-301F-11D3-BF4B-00C04F79EFBC}") = "ConsoleHelloWorld", "ConsoleHelloWorld\ConsoleHelloWorld.csproj", "{28DC81DF-70DF-4490-B437-B9D02982B9D0}"
EndProject
Global
	GlobalSection(SolutionConfigurationPlatforms) = preSolution
		Debug|Any CPU = Debug|Any CPU
		Release|Any CPU = Release|Any CPU
	EndGlobalSection
	GlobalSection(ProjectConfigurationPlatforms) = postSolution
		{28DC81DF-70DF-4490-B437-B9D02982B9D0}.Debug|Any CPU.ActiveCfg = Debug|Any CPU
		{28DC81DF-70DF-4490-B437-B9D02982B9D0}.Debug|Any CPU.Build.0 = Debug|Any CPU
		{28DC81DF-70DF-4490-B437-B9D02982B9D0}.Release|Any CPU.ActiveCfg = Release|Any CPU
		{28DC81DF-70DF-4490-B437-B9D02982B9D0}.Release|Any CPU.Build.0 = Release|Any CPU
	EndGlobalSection
	GlobalSection(SolutionProperties) = preSolution
		HideSolutionNode = FALSE
	EndGlobalSection
	GlobalSection(ExtensibilityGlobals) = postSolution
		SolutionGuid = {1DE69AE1-1713-403E-BF9E-91150034926D}
	EndGlobalSection
EndGlobal
